
Microsoft Visual Studio Solution File, Format Version 12.00
# Visual Studio Version 17
VisualStudioVersion = 17.9.34701.34
MinimumVisualStudioVersion = 10.0.40219.1
Project("{9A19103F-16F7-4668-BE54-9A1E7A4F7556}") = "IdentityStudie.API", "IdentityStudie.API.csproj", "{4750C7CA-3A27-4067-9577-B920B9A577E1}"
EndProject
Project("{9A19103F-16F7-4668-BE54-9A1E7A4F7556}") = "IdentityStudie.Application", "..\IdentityStudie.Application\IdentityStudie.Application.csproj", "{1680B7A0-6EC5-4D22-AB51-DC9401DF9D18}"
EndProject
Project("{9A19103F-16F7-4668-BE54-9A1E7A4F7556}") = "IdentityStudie.Infra", "..\IdentityStudie.Infra\IdentityStudie.Infra.csproj", "{89223CA5-8611-4E7C-87C9-688A3A3F438A}"
EndProject
Project("{9A19103F-16F7-4668-BE54-9A1E7A4F7556}") = "IdentityStudie.IoC", "..\IdentityStudie.IoC\IdentityStudie.IoC.csproj", "{8190B9D7-5AA2-491E-B33A-5B5F786DF19D}"
EndProject
Project("{9A19103F-16F7-4668-BE54-9A1E7A4F7556}") = "IdentityStudie.Test", "..\IdentityStudie.Test\IdentityStudie.Test.csproj", "{26732243-A533-4D5E-AE6D-F6692EEF5FCC}"
EndProject
Project("{9A19103F-16F7-4668-BE54-9A1E7A4F7556}") = "IdentityStudie.Domain", "..\IdentityStudie.Domain\IdentityStudie.Domain.csproj", "{888FB72A-7C7F-4458-904B-BDDC504C49D9}"
EndProject
Global
	GlobalSection(SolutionConfigurationPlatforms) = preSolution
		Debug|Any CPU = Debug|Any CPU
		Release|Any CPU = Release|Any CPU
	EndGlobalSection
	GlobalSection(ProjectConfigurationPlatforms) = postSolution
		{4750C7CA-3A27-4067-9577-B920B9A577E1}.Debug|Any CPU.ActiveCfg = Debug|Any CPU
		{4750C7CA-3A27-4067-9577-B920B9A577E1}.Debug|Any CPU.Build.0 = Debug|Any CPU
		{4750C7CA-3A27-4067-9577-B920B9A577E1}.Release|Any CPU.ActiveCfg = Release|Any CPU
		{4750C7CA-3A27-4067-9577-B920B9A577E1}.Release|Any CPU.Build.0 = Release|Any CPU
		{1680B7A0-6EC5-4D22-AB51-DC9401DF9D18}.Debug|Any CPU.ActiveCfg = Debug|Any CPU
		{1680B7A0-6EC5-4D22-AB51-DC9401DF9D18}.Debug|Any CPU.Build.0 = Debug|Any CPU
		{1680B7A0-6EC5-4D22-AB51-DC9401DF9D18}.Release|Any CPU.ActiveCfg = Release|Any CPU
		{1680B7A0-6EC5-4D22-AB51-DC9401DF9D18}.Release|Any CPU.Build.0 = Release|Any CPU
		{89223CA5-8611-4E7C-87C9-688A3A3F438A}.Debug|Any CPU.ActiveCfg = Debug|Any CPU
		{89223CA5-8611-4E7C-87C9-688A3A3F438A}.Debug|Any CPU.Build.0 = Debug|Any CPU
		{89223CA5-8611-4E7C-87C9-688A3A3F438A}.Release|Any CPU.ActiveCfg = Release|Any CPU
		{89223CA5-8611-4E7C-87C9-688A3A3F438A}.Release|Any CPU.Build.0 = Release|Any CPU
		{8190B9D7-5AA2-491E-B33A-5B5F786DF19D}.Debug|Any CPU.ActiveCfg = Debug|Any CPU
		{8190B9D7-5AA2-491E-B33A-5B5F786DF19D}.Debug|Any CPU.Build.0 = Debug|Any CPU
		{8190B9D7-5AA2-491E-B33A-5B5F786DF19D}.Release|Any CPU.ActiveCfg = Release|Any CPU
		{8190B9D7-5AA2-491E-B33A-5B5F786DF19D}.Release|Any CPU.Build.0 = Release|Any CPU
		{26732243-A533-4D5E-AE6D-F6692EEF5FCC}.Debug|Any CPU.ActiveCfg = Debug|Any CPU
		{26732243-A533-4D5E-AE6D-F6692EEF5FCC}.Debug|Any CPU.Build.0 = Debug|Any CPU
		{26732243-A533-4D5E-AE6D-F6692EEF5FCC}.Release|Any CPU.ActiveCfg = Release|Any CPU
		{26732243-A533-4D5E-AE6D-F6692EEF5FCC}.Release|Any CPU.Build.0 = Release|Any CPU
		{888FB72A-7C7F-4458-904B-BDDC504C49D9}.Debug|Any CPU.ActiveCfg = Debug|Any CPU
		{888FB72A-7C7F-4458-904B-BDDC504C49D9}.Debug|Any CPU.Build.0 = Debug|Any CPU
		{888FB72A-7C7F-4458-904B-BDDC504C49D9}.Release|Any CPU.ActiveCfg = Release|Any CPU
		{888FB72A-7C7F-4458-904B-BDDC504C49D9}.Release|Any CPU.Build.0 = Release|Any CPU
	EndGlobalSection
	GlobalSection(SolutionProperties) = preSolution
		HideSolutionNode = FALSE
	EndGlobalSection
	GlobalSection(ExtensibilityGlobals) = postSolution
		SolutionGuid = {CE7E05A7-4FA8-4D4A-B2D4-B5EDEED1EDAC}
	EndGlobalSection
EndGlobal
